
Microsoft Visual Studio Solution File, Format Version 12.00
# Visual Studio 15
VisualStudioVersion = 15.0.28307.329
MinimumVisualStudioVersion = 10.0.40219.1
Project("{FAE04EC0-301F-11D3-BF4B-00C04F79EFBC}") = "HouseholdBudgeterFrontEnd", "HouseholdBudgeterFrontEnd\HouseholdBudgeterFrontEnd.csproj", "{B3E67AE4-5FB9-4211-8E17-8F50B242D76B}"
EndProject
Global
	GlobalSection(SolutionConfigurationPlatforms) = preSolution
		Debug|Any CPU = Debug|Any CPU
		Release|Any CPU = Release|Any CPU
	EndGlobalSection
	GlobalSection(ProjectConfigurationPlatforms) = postSolution
		{B3E67AE4-5FB9-4211-8E17-8F50B242D76B}.Debug|Any CPU.ActiveCfg = Debug|Any CPU
		{B3E67AE4-5FB9-4211-8E17-8F50B242D76B}.Debug|Any CPU.Build.0 = Debug|Any CPU
		{B3E67AE4-5FB9-4211-8E17-8F50B242D76B}.Release|Any CPU.ActiveCfg = Release|Any CPU
		{B3E67AE4-5FB9-4211-8E17-8F50B242D76B}.Release|Any CPU.Build.0 = Release|Any CPU
	EndGlobalSection
	GlobalSection(SolutionProperties) = preSolution
		HideSolutionNode = FALSE
	EndGlobalSection
	GlobalSection(ExtensibilityGlobals) = postSolution
		SolutionGuid = {2C5BA03B-70A0-48EF-AFF1-D1B19A3EF704}
	EndGlobalSection
EndGlobal
